{
  "version": 4,
  "terraform_version": "1.9.8",
  "serial": 86,
  "lineage": "e186229a-2be2-756c-7875-b38aa8b53d1f",
  "outputs": {
    "instance_details": {
      "value": {
        "instance_id": "i-077b6b8b80ff5f509",
        "instance_name": "PublicInstance",
        "instance_private_ip": "10.0.1.232",
        "instance_public_ip": "44.199.217.213",
        "security_group_id": [
          "sg-0606a37544bf3cbd3"
        ],
        "subnet_id": "subnet-01f3d3c184173bdcc"
      },
      "type": [
        "object",
        {
          "instance_id": "string",
          "instance_name": "string",
          "instance_private_ip": "string",
          "instance_public_ip": "string",
          "security_group_id": [
            "set",
            "string"
          ],
          "subnet_id": "string"
        }
      ]
    }
  },
  "resources": [
    {
      "mode": "managed",
      "type": "aws_instance",
      "name": "public_instance",
      "provider": "provider[\"registry.terraform.io/hashicorp/aws\"]",
      "instances": [
        {
          "schema_version": 1,
          "attributes": {
            "ami": "ami-0866a3c8686eaeeba",
            "arn": "arn:aws:ec2:us-east-1:390403857153:instance/i-077b6b8b80ff5f509",
            "associate_public_ip_address": true,
            "availability_zone": "us-east-1a",
            "capacity_reservation_specification": [
              {
                "capacity_reservation_preference": "open",
                "capacity_reservation_target": []
              }
            ],
            "cpu_core_count": 1,
            "cpu_options": [
              {
                "amd_sev_snp": "",
                "core_count": 1,
                "threads_per_core": 1
              }
            ],
            "cpu_threads_per_core": 1,
            "credit_specification": [
              {
                "cpu_credits": "standard"
              }
            ],
            "disable_api_stop": false,
            "disable_api_termination": false,
            "ebs_block_device": [],
            "ebs_optimized": false,
            "enclave_options": [
              {
                "enabled": false
              }
            ],
            "ephemeral_block_device": [],
            "get_password_data": false,
            "hibernation": false,
            "host_id": "",
            "host_resource_group_arn": null,
            "iam_instance_profile": "",
            "id": "i-077b6b8b80ff5f509",
            "instance_initiated_shutdown_behavior": "stop",
            "instance_lifecycle": "",
            "instance_market_options": [],
            "instance_state": "running",
            "instance_type": "t2.micro",
            "ipv6_address_count": 0,
            "ipv6_addresses": [],
            "key_name": "deployer_key",
            "launch_template": [],
            "maintenance_options": [
              {
                "auto_recovery": "default"
              }
            ],
            "metadata_options": [
              {
                "http_endpoint": "enabled",
                "http_protocol_ipv6": "disabled",
                "http_put_response_hop_limit": 2,
                "http_tokens": "required",
                "instance_metadata_tags": "disabled"
              }
            ],
            "monitoring": false,
            "network_interface": [],
            "outpost_arn": "",
            "password_data": "",
            "placement_group": "",
            "placement_partition_number": 0,
            "primary_network_interface_id": "eni-0d2911ce282181eea",
            "private_dns": "ip-10-0-1-232.ec2.internal",
            "private_dns_name_options": [
              {
                "enable_resource_name_dns_a_record": false,
                "enable_resource_name_dns_aaaa_record": false,
                "hostname_type": "ip-name"
              }
            ],
            "private_ip": "10.0.1.232",
            "public_dns": "ec2-44-199-217-213.compute-1.amazonaws.com",
            "public_ip": "44.199.217.213",
            "root_block_device": [
              {
                "delete_on_termination": true,
                "device_name": "/dev/sda1",
                "encrypted": false,
                "iops": 3000,
                "kms_key_id": "",
                "tags": {},
                "tags_all": {},
                "throughput": 125,
                "volume_id": "vol-0c5bc649f5ac860ff",
                "volume_size": 8,
                "volume_type": "gp3"
              }
            ],
            "secondary_private_ips": [],
            "security_groups": [],
            "source_dest_check": true,
            "spot_instance_request_id": "",
            "subnet_id": "subnet-01f3d3c184173bdcc",
            "tags": {
              "Name": "PublicInstance"
            },
            "tags_all": {
              "Name": "PublicInstance"
            },
            "tenancy": "default",
            "timeouts": null,
            "user_data": "5862384666359fd0af86394ff4a1625e94804b33",
            "user_data_base64": null,
            "user_data_replace_on_change": false,
            "volume_tags": null,
            "vpc_security_group_ids": [
              "sg-0606a37544bf3cbd3"
            ]
          },
          "sensitive_attributes": [],
          "private": "eyJlMmJmYjczMC1lY2FhLTExZTYtOGY4OC0zNDM2M2JjN2M0YzAiOnsiY3JlYXRlIjo2MDAwMDAwMDAwMDAsImRlbGV0ZSI6MTIwMDAwMDAwMDAwMCwicmVhZCI6OTAwMDAwMDAwMDAwLCJ1cGRhdGUiOjYwMDAwMDAwMDAwMH0sInNjaGVtYV92ZXJzaW9uIjoiMSJ9",
          "dependencies": [
            "aws_key_pair.deployer_key",
            "aws_security_group.web_sg",
            "aws_subnet.public_subnet_1",
            "aws_vpc.tp_cloud_devops_vpc",
            "tls_private_key.example_ssh_key"
          ]
        }
      ]
    },
    {
      "mode": "managed",
      "type": "aws_internet_gateway",
      "name": "main_gateway",
      "provider": "provider[\"registry.terraform.io/hashicorp/aws\"]",
      "instances": [
        {
          "schema_version": 0,
          "attributes": {
            "arn": "arn:aws:ec2:us-east-1:390403857153:internet-gateway/igw-0036dd18e0a5c654d",
            "id": "igw-0036dd18e0a5c654d",
            "owner_id": "390403857153",
            "tags": {
              "Name": "MainInternetGateway"
            },
            "tags_all": {
              "Name": "MainInternetGateway"
            },
            "timeouts": null,
            "vpc_id": "vpc-0e2c430239f053dbd"
          },
          "sensitive_attributes": [],
          "private": "eyJlMmJmYjczMC1lY2FhLTExZTYtOGY4OC0zNDM2M2JjN2M0YzAiOnsiY3JlYXRlIjoxMjAwMDAwMDAwMDAwLCJkZWxldGUiOjEyMDAwMDAwMDAwMDAsInVwZGF0ZSI6MTIwMDAwMDAwMDAwMH19",
          "dependencies": [
            "aws_vpc.tp_cloud_devops_vpc"
          ]
        }
      ]
    },
    {
      "mode": "managed",
      "type": "aws_key_pair",
      "name": "deployer_key",
      "provider": "provider[\"registry.terraform.io/hashicorp/aws\"]",
      "instances": [
        {
          "schema_version": 1,
          "attributes": {
            "arn": "arn:aws:ec2:us-east-1:390403857153:key-pair/deployer_key",
            "fingerprint": "a8:6f:c5:3d:99:46:fb:6b:99:ec:65:b4:70:33:5b:7a",
            "id": "deployer_key",
            "key_name": "deployer_key",
            "key_name_prefix": "",
            "key_pair_id": "key-0243e3e4bcf086527",
            "key_type": "rsa",
            "public_key": "ssh-rsa AAAAB3NzaC1yc2EAAAADAQABAAABAQC1zouJjZXYAf2J/88kwtndBLhSI+Zqdjj5ds309NyAy8T8PJoFb+tsQ1FQ/TrbO/Y7vjQBFc3ln3+GP0xbi/syr40E1YW8d7PpDDXKzdpPhBjq5pI4YVq9JpbIUp8882Ge3GB/WbgehaAd4bHwf8Tj6x+TR2N3tmnuvBlTeVZVwYEm/oa/W62VIIInHs5HHnCCPuRKmsrWbEsG5AFEj5YsBwes3h1SZeLGiRH1gQEeTst/QtTiwD895O/EMjyVc3w7EjPisoqC9Ibo/VWuOKx+UoDokvbA3IRGJbVYGx8HMVONCR4q/hxyoBbGzNaZWa+5NRFgY37+tORgmQJG1n6F",
            "tags": null,
            "tags_all": {}
          },
          "sensitive_attributes": [],
          "private": "eyJzY2hlbWFfdmVyc2lvbiI6IjEifQ==",
          "dependencies": [
            "tls_private_key.example_ssh_key"
          ]
        }
      ]
    },
    {
      "mode": "managed",
      "type": "aws_route_table",
      "name": "public_route_table",
      "provider": "provider[\"registry.terraform.io/hashicorp/aws\"]",
      "instances": [
        {
          "schema_version": 0,
          "attributes": {
            "arn": "arn:aws:ec2:us-east-1:390403857153:route-table/rtb-0c8741192ddf44c62",
            "id": "rtb-0c8741192ddf44c62",
            "owner_id": "390403857153",
            "propagating_vgws": [],
            "route": [
              {
                "carrier_gateway_id": "",
                "cidr_block": "0.0.0.0/0",
                "core_network_arn": "",
                "destination_prefix_list_id": "",
                "egress_only_gateway_id": "",
                "gateway_id": "igw-0036dd18e0a5c654d",
                "ipv6_cidr_block": "",
                "local_gateway_id": "",
                "nat_gateway_id": "",
                "network_interface_id": "",
                "transit_gateway_id": "",
                "vpc_endpoint_id": "",
                "vpc_peering_connection_id": ""
              }
            ],
            "tags": {
              "Name": "PublicRouteTable"
            },
            "tags_all": {
              "Name": "PublicRouteTable"
            },
            "timeouts": null,
            "vpc_id": "vpc-0e2c430239f053dbd"
          },
          "sensitive_attributes": [],
          "private": "eyJlMmJmYjczMC1lY2FhLTExZTYtOGY4OC0zNDM2M2JjN2M0YzAiOnsiY3JlYXRlIjozMDAwMDAwMDAwMDAsImRlbGV0ZSI6MzAwMDAwMDAwMDAwLCJ1cGRhdGUiOjEyMDAwMDAwMDAwMH19",
          "dependencies": [
            "aws_internet_gateway.main_gateway",
            "aws_vpc.tp_cloud_devops_vpc"
          ]
        }
      ]
    },
    {
      "mode": "managed",
      "type": "aws_route_table_association",
      "name": "public_rta1",
      "provider": "provider[\"registry.terraform.io/hashicorp/aws\"]",
      "instances": [
        {
          "schema_version": 0,
          "attributes": {
            "gateway_id": "",
            "id": "rtbassoc-024dacc417157005d",
            "route_table_id": "rtb-0c8741192ddf44c62",
            "subnet_id": "subnet-01f3d3c184173bdcc",
            "timeouts": null
          },
          "sensitive_attributes": [],
          "private": "eyJlMmJmYjczMC1lY2FhLTExZTYtOGY4OC0zNDM2M2JjN2M0YzAiOnsiY3JlYXRlIjozMDAwMDAwMDAwMDAsImRlbGV0ZSI6MzAwMDAwMDAwMDAwLCJ1cGRhdGUiOjEyMDAwMDAwMDAwMH19",
          "dependencies": [
            "aws_internet_gateway.main_gateway",
            "aws_route_table.public_route_table",
            "aws_subnet.public_subnet_1",
            "aws_vpc.tp_cloud_devops_vpc"
          ]
        }
      ]
    },
    {
      "mode": "managed",
      "type": "aws_route_table_association",
      "name": "public_rta2",
      "provider": "provider[\"registry.terraform.io/hashicorp/aws\"]",
      "instances": [
        {
          "schema_version": 0,
          "attributes": {
            "gateway_id": "",
            "id": "rtbassoc-0d19827df1bb0f6db",
            "route_table_id": "rtb-0c8741192ddf44c62",
            "subnet_id": "subnet-0b1309a51ad01065b",
            "timeouts": null
          },
          "sensitive_attributes": [],
          "private": "eyJlMmJmYjczMC1lY2FhLTExZTYtOGY4OC0zNDM2M2JjN2M0YzAiOnsiY3JlYXRlIjozMDAwMDAwMDAwMDAsImRlbGV0ZSI6MzAwMDAwMDAwMDAwLCJ1cGRhdGUiOjEyMDAwMDAwMDAwMH19",
          "dependencies": [
            "aws_internet_gateway.main_gateway",
            "aws_route_table.public_route_table",
            "aws_subnet.public_subnet_2",
            "aws_vpc.tp_cloud_devops_vpc"
          ]
        }
      ]
    },
    {
      "mode": "managed",
      "type": "aws_s3_object",
      "name": "private_key_object",
      "provider": "provider[\"registry.terraform.io/hashicorp/aws\"]",
      "instances": [
        {
          "schema_version": 0,
          "attributes": {
            "acl": "private",
            "arn": "arn:aws:s3:::roua-terraform-state-bucket-123456-eb7c0dba/deployer_key.pem",
            "bucket": "roua-terraform-state-bucket-123456-eb7c0dba",
            "bucket_key_enabled": false,
            "cache_control": "",
            "checksum_algorithm": null,
            "checksum_crc32": "",
            "checksum_crc32c": "",
            "checksum_sha1": "",
            "checksum_sha256": "",
            "content": "-----BEGIN RSA PRIVATE KEY-----\nMIIEogIBAAKCAQEAtc6LiY2V2AH9if/PJMLZ3QS4UiPmanY4+XbN9PTcgMvE/Dya\nBW/rbENRUP062zv2O740ARXN5Z9/hj9MW4v7Mq+NBNWFvHez6Qw1ys3aT4QY6uaS\nOGFavSaWyFKfPPNhntxgf1m4HoWgHeGx8H/E4+sfk0djd7Zp7rwZU3lWVcGBJv6G\nv1utlSCCJx7ORx5wgj7kSprK1mxLBuQBRI+WLAcHrN4dUmXixokR9YEBHk7Lf0LU\n4sA/PeTvxDI8lXN8OxIz4rKKgvSG6P1VrjisflKA6JL2wNyERiW1WBsfBzFTjQke\nKv4ccqAWxszWmVmvuTURYGN+/rTkYJkCRtZ+hQIDAQABAoIBACykzHT5lIsXagfi\nDh6rzk3Mo+pfsGwCHdl8R/TXz/G8l+GMjBG7uua53RTzKem93qgq+6Asl4PEV89C\naeCtDgETRKCkQhPWnRIkEm17gRk3idrcxZkcpuh9ulb0mu+foCAfY37CLEkqbPgJ\nfOVeqp2BFh7XT+CMpZSfEeUCjaW+1P2kzJgOno+wQ8W9tQaIrCMvIXQj9b3MBnpk\n5Hvblwu1phKIlBx3kXon+v3OcH1evzMrJ9yde6iCs4yqMszd6F3/pC3yFykpvi4x\nsk53gRnsdmKKQeUaGrO6bLX95ceaAySyQYouMc43Iy3k9dFrGbDu1fSBsU2BB2pt\nmtaKiB0CgYEA8MQpAt+7nst7p+c9Jy/FGvDzoqNtOo+vRu1Xkv0DVu5n38Zqp2oK\nnKIVTMLjU5D9BHgvfQaD7MvD9elItSn1ACFP9MR1EclpOCo/lkA0sTXg4w4Zztgp\nw7iJBOrN0KZPCkyWuFBlbrPR1VZMDJ9pGlMZD1GUChTupq7hRS+kugsCgYEAwU9h\n6UlPvyZO4YDXGAPV0OKTxM5uY4Ae2+D9yjJ8LpSsMAarWXLF60Ra//q95uLFXlNY\ntyp+x4aAKm5QwvHituV4du2nekusHo/pT4BwgnluGJyhZSGhn3PGtbvDoUvnuwbv\nTNMLZ3GDCdunbtYFmIAT+fy+uZlK+Yn/DEKVk68CgYAAzBV6rfT4FKJnLuvT6mOT\nsEKOQk5FSF6DNJv6n53YNtffNM/7l+1LEXpSk76e8zbzQdaealwbd51BfjFAcFAg\nXPvfypq8oVcY2YL2Y2YJRC1ncw+A0NRqknzZqFFgJHzUguZo29NKJ4xFUZDU5d46\nORY3J8T+t40GvkN+sCayewKBgEqcaA8Ro70EfSeegeab/FfeS+iHQKYY2lBFm88C\nA1o7OeZjfJlOqkNvI6xvTAKkfkc05iX0OfCq4ib+Yx+LGtU65m8ItT6HnIxDQWrV\nCRfi5HKNaeHNxEL1/blBGnXUBUHzoENHpbwsXMZeSFaINqqwrIUtXzPljcGY2J8T\nyAWzAoGAd0w4vgZPrOmCywIVnQn7iF9Zxv2GE59brKvUQ3xpO3vDRrwVEtswNYsI\nhe4IEgUDag6/uOGm33yq14b857fNDZ7yM6rUTAy0ScgNvI6StGXfu8OCMXfqWe5Y\nYMvqpgT1Z53QfIlJnLCPjL4jvzkBdUQdd+B0FzWzjQbtGpg4kpc=\n-----END RSA PRIVATE KEY-----\n",
            "content_base64": null,
            "content_disposition": "",
            "content_encoding": "",
            "content_language": "",
            "content_type": "application/octet-stream",
            "etag": "5bc28c2ebabc4cb46768916cf9601ae4",
            "force_destroy": false,
            "id": "deployer_key.pem",
            "key": "deployer_key.pem",
            "kms_key_id": null,
            "metadata": null,
            "object_lock_legal_hold_status": "",
            "object_lock_mode": "",
            "object_lock_retain_until_date": "",
            "override_provider": [],
            "server_side_encryption": "AES256",
            "source": null,
            "source_hash": null,
            "storage_class": "STANDARD",
            "tags": null,
            "tags_all": {},
            "version_id": "Nwf0tyLBydYQFGXPTiQtIcCUTM0L_Ng.",
            "website_redirect": ""
          },
          "sensitive_attributes": [
            [
              {
                "type": "get_attr",
                "value": "content"
              }
            ]
          ],
          "private": "bnVsbA==",
          "dependencies": [
            "tls_private_key.example_ssh_key"
          ]
        }
      ]
    },
    {
      "mode": "managed",
      "type": "aws_security_group",
      "name": "web_sg",
      "provider": "provider[\"registry.terraform.io/hashicorp/aws\"]",
      "instances": [
        {
          "schema_version": 1,
          "attributes": {
            "arn": "arn:aws:ec2:us-east-1:390403857153:security-group/sg-0606a37544bf3cbd3",
            "description": "Security group for web server and SSH access",
            "egress": [],
            "id": "sg-0606a37544bf3cbd3",
            "ingress": [],
            "name": "web-server-sg",
            "name_prefix": "",
            "owner_id": "390403857153",
            "revoke_rules_on_delete": false,
            "tags": null,
            "tags_all": {},
            "timeouts": null,
            "vpc_id": "vpc-0e2c430239f053dbd"
          },
          "sensitive_attributes": [],
          "private": "eyJlMmJmYjczMC1lY2FhLTExZTYtOGY4OC0zNDM2M2JjN2M0YzAiOnsiY3JlYXRlIjo2MDAwMDAwMDAwMDAsImRlbGV0ZSI6OTAwMDAwMDAwMDAwfSwic2NoZW1hX3ZlcnNpb24iOiIxIn0=",
          "dependencies": [
            "aws_vpc.tp_cloud_devops_vpc"
          ]
        }
      ]
    },
    {
      "mode": "managed",
      "type": "aws_security_group_rule",
      "name": "allow_all_outbound",
      "provider": "provider[\"registry.terraform.io/hashicorp/aws\"]",
      "instances": [
        {
          "schema_version": 2,
          "attributes": {
            "cidr_blocks": [
              "0.0.0.0/0"
            ],
            "description": null,
            "from_port": 0,
            "id": "sgrule-1594668145",
            "ipv6_cidr_blocks": null,
            "prefix_list_ids": null,
            "protocol": "-1",
            "security_group_id": "sg-0606a37544bf3cbd3",
            "security_group_rule_id": "sgr-0a86823917cda471c",
            "self": false,
            "source_security_group_id": null,
            "timeouts": null,
            "to_port": 0,
            "type": "egress"
          },
          "sensitive_attributes": [],
          "private": "eyJlMmJmYjczMC1lY2FhLTExZTYtOGY4OC0zNDM2M2JjN2M0YzAiOnsiY3JlYXRlIjozMDAwMDAwMDAwMDB9LCJzY2hlbWFfdmVyc2lvbiI6IjIifQ==",
          "dependencies": [
            "aws_security_group.web_sg",
            "aws_vpc.tp_cloud_devops_vpc"
          ]
        }
      ]
    },
    {
      "mode": "managed",
      "type": "aws_security_group_rule",
      "name": "allow_web_http_inbound",
      "provider": "provider[\"registry.terraform.io/hashicorp/aws\"]",
      "instances": [
        {
          "schema_version": 2,
          "attributes": {
            "cidr_blocks": [
              "0.0.0.0/0"
            ],
            "description": null,
            "from_port": 8080,
            "id": "sgrule-2824222594",
            "ipv6_cidr_blocks": null,
            "prefix_list_ids": null,
            "protocol": "tcp",
            "security_group_id": "sg-0606a37544bf3cbd3",
            "security_group_rule_id": "sgr-038981ac46d2d4f62",
            "self": false,
            "source_security_group_id": null,
            "timeouts": null,
            "to_port": 8080,
            "type": "ingress"
          },
          "sensitive_attributes": [],
          "private": "eyJlMmJmYjczMC1lY2FhLTExZTYtOGY4OC0zNDM2M2JjN2M0YzAiOnsiY3JlYXRlIjozMDAwMDAwMDAwMDB9LCJzY2hlbWFfdmVyc2lvbiI6IjIifQ==",
          "dependencies": [
            "aws_security_group.web_sg",
            "aws_vpc.tp_cloud_devops_vpc"
          ]
        }
      ]
    },
    {
      "mode": "managed",
      "type": "aws_security_group_rule",
      "name": "allow_web_http_inbound-80",
      "provider": "provider[\"registry.terraform.io/hashicorp/aws\"]",
      "instances": [
        {
          "schema_version": 2,
          "attributes": {
            "cidr_blocks": [
              "0.0.0.0/0"
            ],
            "description": null,
            "from_port": 80,
            "id": "sgrule-2189567719",
            "ipv6_cidr_blocks": null,
            "prefix_list_ids": null,
            "protocol": "tcp",
            "security_group_id": "sg-0606a37544bf3cbd3",
            "security_group_rule_id": "sgr-0f27b26a95867b70b",
            "self": false,
            "source_security_group_id": null,
            "timeouts": null,
            "to_port": 80,
            "type": "ingress"
          },
          "sensitive_attributes": [],
          "private": "eyJlMmJmYjczMC1lY2FhLTExZTYtOGY4OC0zNDM2M2JjN2M0YzAiOnsiY3JlYXRlIjozMDAwMDAwMDAwMDB9LCJzY2hlbWFfdmVyc2lvbiI6IjIifQ==",
          "dependencies": [
            "aws_security_group.web_sg",
            "aws_vpc.tp_cloud_devops_vpc"
          ]
        }
      ]
    },
    {
      "mode": "managed",
      "type": "aws_security_group_rule",
      "name": "allow_web_ssh_inbound",
      "provider": "provider[\"registry.terraform.io/hashicorp/aws\"]",
      "instances": [
        {
          "schema_version": 2,
          "attributes": {
            "cidr_blocks": [
              "0.0.0.0/0"
            ],
            "description": null,
            "from_port": 22,
            "id": "sgrule-872971090",
            "ipv6_cidr_blocks": null,
            "prefix_list_ids": null,
            "protocol": "tcp",
            "security_group_id": "sg-0606a37544bf3cbd3",
            "security_group_rule_id": "sgr-04f0f687c42eea4e5",
            "self": false,
            "source_security_group_id": null,
            "timeouts": null,
            "to_port": 22,
            "type": "ingress"
          },
          "sensitive_attributes": [],
          "private": "eyJlMmJmYjczMC1lY2FhLTExZTYtOGY4OC0zNDM2M2JjN2M0YzAiOnsiY3JlYXRlIjozMDAwMDAwMDAwMDB9LCJzY2hlbWFfdmVyc2lvbiI6IjIifQ==",
          "dependencies": [
            "aws_security_group.web_sg",
            "aws_vpc.tp_cloud_devops_vpc"
          ]
        }
      ]
    },
    {
      "mode": "managed",
      "type": "aws_subnet",
      "name": "public_subnet_1",
      "provider": "provider[\"registry.terraform.io/hashicorp/aws\"]",
      "instances": [
        {
          "schema_version": 1,
          "attributes": {
            "arn": "arn:aws:ec2:us-east-1:390403857153:subnet/subnet-01f3d3c184173bdcc",
            "assign_ipv6_address_on_creation": false,
            "availability_zone": "us-east-1a",
            "availability_zone_id": "use1-az1",
            "cidr_block": "10.0.1.0/24",
            "customer_owned_ipv4_pool": "",
            "enable_dns64": false,
            "enable_lni_at_device_index": 0,
            "enable_resource_name_dns_a_record_on_launch": false,
            "enable_resource_name_dns_aaaa_record_on_launch": false,
            "id": "subnet-01f3d3c184173bdcc",
            "ipv6_cidr_block": "",
            "ipv6_cidr_block_association_id": "",
            "ipv6_native": false,
            "map_customer_owned_ip_on_launch": false,
            "map_public_ip_on_launch": true,
            "outpost_arn": "",
            "owner_id": "390403857153",
            "private_dns_hostname_type_on_launch": "ip-name",
            "tags": {
              "Name": "PublicSubnet1"
            },
            "tags_all": {
              "Name": "PublicSubnet1"
            },
            "timeouts": null,
            "vpc_id": "vpc-0e2c430239f053dbd"
          },
          "sensitive_attributes": [],
          "private": "eyJlMmJmYjczMC1lY2FhLTExZTYtOGY4OC0zNDM2M2JjN2M0YzAiOnsiY3JlYXRlIjo2MDAwMDAwMDAwMDAsImRlbGV0ZSI6MTIwMDAwMDAwMDAwMH0sInNjaGVtYV92ZXJzaW9uIjoiMSJ9",
          "dependencies": [
            "aws_vpc.tp_cloud_devops_vpc"
          ]
        }
      ]
    },
    {
      "mode": "managed",
      "type": "aws_subnet",
      "name": "public_subnet_2",
      "provider": "provider[\"registry.terraform.io/hashicorp/aws\"]",
      "instances": [
        {
          "schema_version": 1,
          "attributes": {
            "arn": "arn:aws:ec2:us-east-1:390403857153:subnet/subnet-0b1309a51ad01065b",
            "assign_ipv6_address_on_creation": false,
            "availability_zone": "us-east-1b",
            "availability_zone_id": "use1-az2",
            "cidr_block": "10.0.2.0/24",
            "customer_owned_ipv4_pool": "",
            "enable_dns64": false,
            "enable_lni_at_device_index": 0,
            "enable_resource_name_dns_a_record_on_launch": false,
            "enable_resource_name_dns_aaaa_record_on_launch": false,
            "id": "subnet-0b1309a51ad01065b",
            "ipv6_cidr_block": "",
            "ipv6_cidr_block_association_id": "",
            "ipv6_native": false,
            "map_customer_owned_ip_on_launch": false,
            "map_public_ip_on_launch": true,
            "outpost_arn": "",
            "owner_id": "390403857153",
            "private_dns_hostname_type_on_launch": "ip-name",
            "tags": {
              "Name": "PublicSubnet2"
            },
            "tags_all": {
              "Name": "PublicSubnet2"
            },
            "timeouts": null,
            "vpc_id": "vpc-0e2c430239f053dbd"
          },
          "sensitive_attributes": [],
          "private": "eyJlMmJmYjczMC1lY2FhLTExZTYtOGY4OC0zNDM2M2JjN2M0YzAiOnsiY3JlYXRlIjo2MDAwMDAwMDAwMDAsImRlbGV0ZSI6MTIwMDAwMDAwMDAwMH0sInNjaGVtYV92ZXJzaW9uIjoiMSJ9",
          "dependencies": [
            "aws_vpc.tp_cloud_devops_vpc"
          ]
        }
      ]
    },
    {
      "mode": "managed",
      "type": "aws_vpc",
      "name": "tp_cloud_devops_vpc",
      "provider": "provider[\"registry.terraform.io/hashicorp/aws\"]",
      "instances": [
        {
          "schema_version": 1,
          "attributes": {
            "arn": "arn:aws:ec2:us-east-1:390403857153:vpc/vpc-0e2c430239f053dbd",
            "assign_generated_ipv6_cidr_block": false,
            "cidr_block": "10.0.0.0/16",
            "default_network_acl_id": "acl-0e71a2061dea33643",
            "default_route_table_id": "rtb-043d5981595991c19",
            "default_security_group_id": "sg-0648153ad3fd2de23",
            "dhcp_options_id": "dopt-01832e3b50c3bc7bf",
            "enable_dns_hostnames": true,
            "enable_dns_support": true,
            "enable_network_address_usage_metrics": false,
            "id": "vpc-0e2c430239f053dbd",
            "instance_tenancy": "default",
            "ipv4_ipam_pool_id": null,
            "ipv4_netmask_length": null,
            "ipv6_association_id": "",
            "ipv6_cidr_block": "",
            "ipv6_cidr_block_network_border_group": "",
            "ipv6_ipam_pool_id": "",
            "ipv6_netmask_length": 0,
            "main_route_table_id": "rtb-043d5981595991c19",
            "owner_id": "390403857153",
            "tags": {
              "Name": "tp_cloud_devops_vpc"
            },
            "tags_all": {
              "Name": "tp_cloud_devops_vpc"
            }
          },
          "sensitive_attributes": [],
          "private": "eyJzY2hlbWFfdmVyc2lvbiI6IjEifQ=="
        }
      ]
    },
    {
      "mode": "managed",
      "type": "tls_private_key",
      "name": "example_ssh_key",
      "provider": "provider[\"registry.terraform.io/hashicorp/tls\"]",
      "instances": [
        {
          "schema_version": 1,
          "attributes": {
            "algorithm": "RSA",
            "ecdsa_curve": "P224",
            "id": "4d79937ff5348d7116d5d6f6a141efd81b2a5cc4",
            "private_key_openssh": "-----BEGIN OPENSSH PRIVATE KEY-----\nb3BlbnNzaC1rZXktdjEAAAAABG5vbmUAAAAEbm9uZQAAAAAAAAABAAABFwAAAAdz\nc2gtcnNhAAAAAwEAAQAAAQEAtc6LiY2V2AH9if/PJMLZ3QS4UiPmanY4+XbN9PTc\ngMvE/DyaBW/rbENRUP062zv2O740ARXN5Z9/hj9MW4v7Mq+NBNWFvHez6Qw1ys3a\nT4QY6uaSOGFavSaWyFKfPPNhntxgf1m4HoWgHeGx8H/E4+sfk0djd7Zp7rwZU3lW\nVcGBJv6Gv1utlSCCJx7ORx5wgj7kSprK1mxLBuQBRI+WLAcHrN4dUmXixokR9YEB\nHk7Lf0LU4sA/PeTvxDI8lXN8OxIz4rKKgvSG6P1VrjisflKA6JL2wNyERiW1WBsf\nBzFTjQkeKv4ccqAWxszWmVmvuTURYGN+/rTkYJkCRtZ+hQAAA7j1Okeh9TpHoQAA\nAAdzc2gtcnNhAAABAQC1zouJjZXYAf2J/88kwtndBLhSI+Zqdjj5ds309NyAy8T8\nPJoFb+tsQ1FQ/TrbO/Y7vjQBFc3ln3+GP0xbi/syr40E1YW8d7PpDDXKzdpPhBjq\n5pI4YVq9JpbIUp8882Ge3GB/WbgehaAd4bHwf8Tj6x+TR2N3tmnuvBlTeVZVwYEm\n/oa/W62VIIInHs5HHnCCPuRKmsrWbEsG5AFEj5YsBwes3h1SZeLGiRH1gQEeTst/\nQtTiwD895O/EMjyVc3w7EjPisoqC9Ibo/VWuOKx+UoDokvbA3IRGJbVYGx8HMVON\nCR4q/hxyoBbGzNaZWa+5NRFgY37+tORgmQJG1n6FAAAAAwEAAQAAAQAspMx0+ZSL\nF2oH4g4eq85NzKPqX7BsAh3ZfEf018/xvJfhjIwRu7rmud0U8ynpvd6oKvugLJeD\nxFfPQmngrQ4BE0SgpEIT1p0SJBJte4EZN4na3MWZHKbofbpW9Jrvn6AgH2N+wixJ\nKmz4CXzlXqqdgRYe10/gjKWUnxHlAo2lvtT9pMyYDp6PsEPFvbUGiKwjLyF0I/W9\nzAZ6ZOR725cLtaYSiJQcd5F6J/r9znB9Xr8zKyfcnXuogrOMqjLM3ehd/6Qt8hcp\nKb4uMbJOd4EZ7HZiikHlGhqzumy1/eXHmgMkskGKLjHONyMt5PXRaxmw7tX0gbFN\ngQdqbZrWiogdAAAAgHdMOL4GT6zpgssCFZ0J+4hfWcb9hhOfW6yr1EN8aTt7w0a8\nFRLbMDWLCIXuCBIFA2oOv7jhpt98qteG/Oe3zQ2e8jOq1EwMtEnIDbyOkrRl37vD\ngjF36lnuWGDL6qYE9Wed0HyJSZywj4y+I785AXVEHXfgdBc1s40G7RqYOJKXAAAA\ngQDwxCkC37uey3un5z0nL8Ua8POio206j69G7VeS/QNW7mffxmqnagqcohVMwuNT\nkP0EeC99BoPsy8P16Ui1KfUAIU/0xHURyWk4Kj+WQDSxNeDjDhnO2CnDuIkE6s3Q\npk8KTJa4UGVus9HVVkwMn2kaUxkPUZQKFO6mruFFL6S6CwAAAIEAwU9h6UlPvyZO\n4YDXGAPV0OKTxM5uY4Ae2+D9yjJ8LpSsMAarWXLF60Ra//q95uLFXlNYtyp+x4aA\nKm5QwvHituV4du2nekusHo/pT4BwgnluGJyhZSGhn3PGtbvDoUvnuwbvTNMLZ3GD\nCdunbtYFmIAT+fy+uZlK+Yn/DEKVk68AAAAAAQID\n-----END OPENSSH PRIVATE KEY-----\n",
            "private_key_pem": "-----BEGIN RSA PRIVATE KEY-----\nMIIEogIBAAKCAQEAtc6LiY2V2AH9if/PJMLZ3QS4UiPmanY4+XbN9PTcgMvE/Dya\nBW/rbENRUP062zv2O740ARXN5Z9/hj9MW4v7Mq+NBNWFvHez6Qw1ys3aT4QY6uaS\nOGFavSaWyFKfPPNhntxgf1m4HoWgHeGx8H/E4+sfk0djd7Zp7rwZU3lWVcGBJv6G\nv1utlSCCJx7ORx5wgj7kSprK1mxLBuQBRI+WLAcHrN4dUmXixokR9YEBHk7Lf0LU\n4sA/PeTvxDI8lXN8OxIz4rKKgvSG6P1VrjisflKA6JL2wNyERiW1WBsfBzFTjQke\nKv4ccqAWxszWmVmvuTURYGN+/rTkYJkCRtZ+hQIDAQABAoIBACykzHT5lIsXagfi\nDh6rzk3Mo+pfsGwCHdl8R/TXz/G8l+GMjBG7uua53RTzKem93qgq+6Asl4PEV89C\naeCtDgETRKCkQhPWnRIkEm17gRk3idrcxZkcpuh9ulb0mu+foCAfY37CLEkqbPgJ\nfOVeqp2BFh7XT+CMpZSfEeUCjaW+1P2kzJgOno+wQ8W9tQaIrCMvIXQj9b3MBnpk\n5Hvblwu1phKIlBx3kXon+v3OcH1evzMrJ9yde6iCs4yqMszd6F3/pC3yFykpvi4x\nsk53gRnsdmKKQeUaGrO6bLX95ceaAySyQYouMc43Iy3k9dFrGbDu1fSBsU2BB2pt\nmtaKiB0CgYEA8MQpAt+7nst7p+c9Jy/FGvDzoqNtOo+vRu1Xkv0DVu5n38Zqp2oK\nnKIVTMLjU5D9BHgvfQaD7MvD9elItSn1ACFP9MR1EclpOCo/lkA0sTXg4w4Zztgp\nw7iJBOrN0KZPCkyWuFBlbrPR1VZMDJ9pGlMZD1GUChTupq7hRS+kugsCgYEAwU9h\n6UlPvyZO4YDXGAPV0OKTxM5uY4Ae2+D9yjJ8LpSsMAarWXLF60Ra//q95uLFXlNY\ntyp+x4aAKm5QwvHituV4du2nekusHo/pT4BwgnluGJyhZSGhn3PGtbvDoUvnuwbv\nTNMLZ3GDCdunbtYFmIAT+fy+uZlK+Yn/DEKVk68CgYAAzBV6rfT4FKJnLuvT6mOT\nsEKOQk5FSF6DNJv6n53YNtffNM/7l+1LEXpSk76e8zbzQdaealwbd51BfjFAcFAg\nXPvfypq8oVcY2YL2Y2YJRC1ncw+A0NRqknzZqFFgJHzUguZo29NKJ4xFUZDU5d46\nORY3J8T+t40GvkN+sCayewKBgEqcaA8Ro70EfSeegeab/FfeS+iHQKYY2lBFm88C\nA1o7OeZjfJlOqkNvI6xvTAKkfkc05iX0OfCq4ib+Yx+LGtU65m8ItT6HnIxDQWrV\nCRfi5HKNaeHNxEL1/blBGnXUBUHzoENHpbwsXMZeSFaINqqwrIUtXzPljcGY2J8T\nyAWzAoGAd0w4vgZPrOmCywIVnQn7iF9Zxv2GE59brKvUQ3xpO3vDRrwVEtswNYsI\nhe4IEgUDag6/uOGm33yq14b857fNDZ7yM6rUTAy0ScgNvI6StGXfu8OCMXfqWe5Y\nYMvqpgT1Z53QfIlJnLCPjL4jvzkBdUQdd+B0FzWzjQbtGpg4kpc=\n-----END RSA PRIVATE KEY-----\n",
            "private_key_pem_pkcs8": "-----BEGIN PRIVATE KEY-----\nMIIEvAIBADANBgkqhkiG9w0BAQEFAASCBKYwggSiAgEAAoIBAQC1zouJjZXYAf2J\n/88kwtndBLhSI+Zqdjj5ds309NyAy8T8PJoFb+tsQ1FQ/TrbO/Y7vjQBFc3ln3+G\nP0xbi/syr40E1YW8d7PpDDXKzdpPhBjq5pI4YVq9JpbIUp8882Ge3GB/WbgehaAd\n4bHwf8Tj6x+TR2N3tmnuvBlTeVZVwYEm/oa/W62VIIInHs5HHnCCPuRKmsrWbEsG\n5AFEj5YsBwes3h1SZeLGiRH1gQEeTst/QtTiwD895O/EMjyVc3w7EjPisoqC9Ibo\n/VWuOKx+UoDokvbA3IRGJbVYGx8HMVONCR4q/hxyoBbGzNaZWa+5NRFgY37+tORg\nmQJG1n6FAgMBAAECggEALKTMdPmUixdqB+IOHqvOTcyj6l+wbAId2XxH9NfP8byX\n4YyMEbu65rndFPMp6b3eqCr7oCyXg8RXz0Jp4K0OARNEoKRCE9adEiQSbXuBGTeJ\n2tzFmRym6H26VvSa75+gIB9jfsIsSSps+Al85V6qnYEWHtdP4IyllJ8R5QKNpb7U\n/aTMmA6ej7BDxb21BoisIy8hdCP1vcwGemTke9uXC7WmEoiUHHeReif6/c5wfV6/\nMysn3J17qIKzjKoyzN3oXf+kLfIXKSm+LjGyTneBGex2YopB5Roas7pstf3lx5oD\nJLJBii4xzjcjLeT10WsZsO7V9IGxTYEHam2a1oqIHQKBgQDwxCkC37uey3un5z0n\nL8Ua8POio206j69G7VeS/QNW7mffxmqnagqcohVMwuNTkP0EeC99BoPsy8P16Ui1\nKfUAIU/0xHURyWk4Kj+WQDSxNeDjDhnO2CnDuIkE6s3Qpk8KTJa4UGVus9HVVkwM\nn2kaUxkPUZQKFO6mruFFL6S6CwKBgQDBT2HpSU+/Jk7hgNcYA9XQ4pPEzm5jgB7b\n4P3KMnwulKwwBqtZcsXrRFr/+r3m4sVeU1i3Kn7HhoAqblDC8eK25Xh27ad6S6we\nj+lPgHCCeW4YnKFlIaGfc8a1u8OhS+e7Bu9M0wtncYMJ26du1gWYgBP5/L65mUr5\nif8MQpWTrwKBgADMFXqt9PgUomcu69PqY5OwQo5CTkVIXoM0m/qfndg21980z/uX\n7UsRelKTvp7zNvNB1p5qXBt3nUF+MUBwUCBc+9/KmryhVxjZgvZjZglELWdzD4DQ\n1GqSfNmoUWAkfNSC5mjb00onjEVRkNTl3jo5FjcnxP63jQa+Q36wJrJ7AoGASpxo\nDxGjvQR9J56B5pv8V95L6IdAphjaUEWbzwIDWjs55mN8mU6qQ28jrG9MAqR+RzTm\nJfQ58KriJv5jH4sa1Trmbwi1PoecjENBatUJF+Lkco1p4c3EQvX9uUEaddQFQfOg\nQ0elvCxcxl5IVog2qrCshS1fM+WNwZjYnxPIBbMCgYB3TDi+Bk+s6YLLAhWdCfuI\nX1nG/YYTn1usq9RDfGk7e8NGvBUS2zA1iwiF7ggSBQNqDr+44abffKrXhvznt80N\nnvIzqtRMDLRJyA28jpK0Zd+7w4Ixd+pZ7lhgy+qmBPVnndB8iUmcsI+MviO/OQF1\nRB134HQXNbONBu0amDiSlw==\n-----END PRIVATE KEY-----\n",
            "public_key_fingerprint_md5": "0d:21:04:9c:2b:c3:4f:14:d1:51:09:d1:15:ae:0f:f6",
            "public_key_fingerprint_sha256": "SHA256:jksY1HMM2zkbmQFdkV/rvxAnVUUCHwl9J+s7EXEkbjU",
            "public_key_openssh": "ssh-rsa AAAAB3NzaC1yc2EAAAADAQABAAABAQC1zouJjZXYAf2J/88kwtndBLhSI+Zqdjj5ds309NyAy8T8PJoFb+tsQ1FQ/TrbO/Y7vjQBFc3ln3+GP0xbi/syr40E1YW8d7PpDDXKzdpPhBjq5pI4YVq9JpbIUp8882Ge3GB/WbgehaAd4bHwf8Tj6x+TR2N3tmnuvBlTeVZVwYEm/oa/W62VIIInHs5HHnCCPuRKmsrWbEsG5AFEj5YsBwes3h1SZeLGiRH1gQEeTst/QtTiwD895O/EMjyVc3w7EjPisoqC9Ibo/VWuOKx+UoDokvbA3IRGJbVYGx8HMVONCR4q/hxyoBbGzNaZWa+5NRFgY37+tORgmQJG1n6F\n",
            "public_key_pem": "-----BEGIN PUBLIC KEY-----\nMIIBIjANBgkqhkiG9w0BAQEFAAOCAQ8AMIIBCgKCAQEAtc6LiY2V2AH9if/PJMLZ\n3QS4UiPmanY4+XbN9PTcgMvE/DyaBW/rbENRUP062zv2O740ARXN5Z9/hj9MW4v7\nMq+NBNWFvHez6Qw1ys3aT4QY6uaSOGFavSaWyFKfPPNhntxgf1m4HoWgHeGx8H/E\n4+sfk0djd7Zp7rwZU3lWVcGBJv6Gv1utlSCCJx7ORx5wgj7kSprK1mxLBuQBRI+W\nLAcHrN4dUmXixokR9YEBHk7Lf0LU4sA/PeTvxDI8lXN8OxIz4rKKgvSG6P1Vrjis\nflKA6JL2wNyERiW1WBsfBzFTjQkeKv4ccqAWxszWmVmvuTURYGN+/rTkYJkCRtZ+\nhQIDAQAB\n-----END PUBLIC KEY-----\n",
            "rsa_bits": 2048
          },
          "sensitive_attributes": [
            [
              {
                "type": "get_attr",
                "value": "private_key_openssh"
              }
            ],
            [
              {
                "type": "get_attr",
                "value": "private_key_pem_pkcs8"
              }
            ],
            [
              {
                "type": "get_attr",
                "value": "private_key_pem"
              }
            ]
          ]
        }
      ]
    }
  ],
  "check_results": null
}
